// !$*UTF8*$!
{
	archiveVersion = 1;
	classes = {
	};
	objectVersion = 56;
	objects = {

/* Begin PBXBuildFile section */
		540501662D4CCD52003222BF /* Harlem_1958App.swift in Sources */ = {isa = PBXBuildFile; fileRef = 540501652D4CCD52003222BF /* Harlem_1958App.swift */; };
		540501682D4CCD52003222BF /* ContentView.swift in Sources */ = {isa = PBXBuildFile; fileRef = 540501672D4CCD52003222BF /* ContentView.swift */; };
		5405016A2D4CCD55003222BF /* Assets.xcassets in Resources */ = {isa = PBXBuildFile; fileRef = 540501692D4CCD55003222BF /* Assets.xcassets */; };
		5405016D2D4CCD55003222BF /* Preview Assets.xcassets in Resources */ = {isa = PBXBuildFile; fileRef = 5405016C2D4CCD55003222BF /* Preview Assets.xcassets */; };
		540501742D4CD2D1003222BF /* Bundle-Decodable.swift in Sources */ = {isa = PBXBuildFile; fileRef = 540501732D4CD2D1003222BF /* Bundle-Decodable.swift */; };
		540501762D4CD316003222BF /* artists.json in Resources */ = {isa = PBXBuildFile; fileRef = 540501752D4CD316003222BF /* artists.json */; };
		5405017A2D4CD3D0003222BF /* Artist.swift in Sources */ = {isa = PBXBuildFile; fileRef = 540501792D4CD3D0003222BF /* Artist.swift */; };
		5405017C2D4CE1D9003222BF /* ArtistsView.swift in Sources */ = {isa = PBXBuildFile; fileRef = 5405017B2D4CE1D9003222BF /* ArtistsView.swift */; };
		54515D462D54D06D0072AF22 /* ArtistView.swift in Sources */ = {isa = PBXBuildFile; fileRef = 54515D452D54D06D0072AF22 /* ArtistView.swift */; };
		54F0DED72D5516C4000C2385 /* Artists.swift in Sources */ = {isa = PBXBuildFile; fileRef = 54F0DED62D5516C4000C2385 /* Artists.swift */; };
		54F0DED92D552DEC000C2385 /* InstrumentsView.swift in Sources */ = {isa = PBXBuildFile; fileRef = 54F0DED82D552DEC000C2385 /* InstrumentsView.swift */; };
/* End PBXBuildFile section */

/* Begin PBXFileReference section */
		540501622D4CCD52003222BF /* Harlem 1958.app */ = {isa = PBXFileReference; explicitFileType = wrapper.application; includeInIndex = 0; path = "Harlem 1958.app"; sourceTree = BUILT_PRODUCTS_DIR; };
		540501652D4CCD52003222BF /* Harlem_1958App.swift */ = {isa = PBXFileReference; lastKnownFileType = sourcecode.swift; path = Harlem_1958App.swift; sourceTree = "<group>"; };
		540501672D4CCD52003222BF /* ContentView.swift */ = {isa = PBXFileReference; lastKnownFileType = sourcecode.swift; path = ContentView.swift; sourceTree = "<group>"; };
		540501692D4CCD55003222BF /* Assets.xcassets */ = {isa = PBXFileReference; lastKnownFileType = folder.assetcatalog; path = Assets.xcassets; sourceTree = "<group>"; };
		5405016C2D4CCD55003222BF /* Preview Assets.xcassets */ = {isa = PBXFileReference; lastKnownFileType = folder.assetcatalog; path = "Preview Assets.xcassets"; sourceTree = "<group>"; };
		540501732D4CD2D1003222BF /* Bundle-Decodable.swift */ = {isa = PBXFileReference; lastKnownFileType = sourcecode.swift; path = "Bundle-Decodable.swift"; sourceTree = "<group>"; };
		540501752D4CD316003222BF /* artists.json */ = {isa = PBXFileReference; fileEncoding = 4; lastKnownFileType = text.json; path = artists.json; sourceTree = "<group>"; };
		540501792D4CD3D0003222BF /* Artist.swift */ = {isa = PBXFileReference; lastKnownFileType = sourcecode.swift; path = Artist.swift; sourceTree = "<group>"; };
		5405017B2D4CE1D9003222BF /* ArtistsView.swift */ = {isa = PBXFileReference; lastKnownFileType = sourcecode.swift; path = ArtistsView.swift; sourceTree = "<group>"; };
		54515D452D54D06D0072AF22 /* ArtistView.swift */ = {isa = PBXFileReference; lastKnownFileType = sourcecode.swift; path = ArtistView.swift; sourceTree = "<group>"; };
		54F0DED62D5516C4000C2385 /* Artists.swift */ = {isa = PBXFileReference; lastKnownFileType = sourcecode.swift; path = Artists.swift; sourceTree = "<group>"; };
		54F0DED82D552DEC000C2385 /* InstrumentsView.swift */ = {isa = PBXFileReference; lastKnownFileType = sourcecode.swift; path = InstrumentsView.swift; sourceTree = "<group>"; };
/* End PBXFileReference section */

/* Begin PBXFrameworksBuildPhase section */
		5405015F2D4CCD52003222BF /* Frameworks */ = {
			isa = PBXFrameworksBuildPhase;
			buildActionMask = 2147483647;
			files = (
			);
			runOnlyForDeploymentPostprocessing = 0;
		};
/* End PBXFrameworksBuildPhase section */

/* Begin PBXGroup section */
		540501592D4CCD52003222BF = {
			isa = PBXGroup;
			children = (
				540501642D4CCD52003222BF /* Harlem 1958 */,
				540501632D4CCD52003222BF /* Products */,
			);
			sourceTree = "<group>";
		};
		540501632D4CCD52003222BF /* Products */ = {
			isa = PBXGroup;
			children = (
				540501622D4CCD52003222BF /* Harlem 1958.app */,
			);
			name = Products;
			sourceTree = "<group>";
		};
		540501642D4CCD52003222BF /* Harlem 1958 */ = {
			isa = PBXGroup;
			children = (
				540501652D4CCD52003222BF /* Harlem_1958App.swift */,
				540501672D4CCD52003222BF /* ContentView.swift */,
				5405017B2D4CE1D9003222BF /* ArtistsView.swift */,
				54F0DED82D552DEC000C2385 /* InstrumentsView.swift */,
				54515D452D54D06D0072AF22 /* ArtistView.swift */,
				540501732D4CD2D1003222BF /* Bundle-Decodable.swift */,
				540501752D4CD316003222BF /* artists.json */,
				540501792D4CD3D0003222BF /* Artist.swift */,
				54F0DED62D5516C4000C2385 /* Artists.swift */,
				540501692D4CCD55003222BF /* Assets.xcassets */,
				5405016B2D4CCD55003222BF /* Preview Content */,
			);
			path = "Harlem 1958";
			sourceTree = "<group>";
		};
		5405016B2D4CCD55003222BF /* Preview Content */ = {
			isa = PBXGroup;
			children = (
				5405016C2D4CCD55003222BF /* Preview Assets.xcassets */,
			);
			path = "Preview Content";
			sourceTree = "<group>";
		};
/* End PBXGroup section */

/* Begin PBXNativeTarget section */
		540501612D4CCD52003222BF /* Harlem 1958 */ = {
			isa = PBXNativeTarget;
			buildConfigurationList = 540501702D4CCD55003222BF /* Build configuration list for PBXNativeTarget "Harlem 1958" */;
			buildPhases = (
				5405015E2D4CCD52003222BF /* Sources */,
				5405015F2D4CCD52003222BF /* Frameworks */,
				540501602D4CCD52003222BF /* Resources */,
			);
			buildRules = (
			);
			dependencies = (
			);
			name = "Harlem 1958";
			productName = "Harlem 1958";
			productReference = 540501622D4CCD52003222BF /* Harlem 1958.app */;
			productType = "com.apple.product-type.application";
		};
/* End PBXNativeTarget section */

/* Begin PBXProject section */
		5405015A2D4CCD52003222BF /* Project object */ = {
			isa = PBXProject;
			attributes = {
				BuildIndependentTargetsInParallel = 1;
				LastSwiftUpdateCheck = 1520;
				LastUpgradeCheck = 1520;
				TargetAttributes = {
					540501612D4CCD52003222BF = {
						CreatedOnToolsVersion = 15.2;
					};
				};
			};
			buildConfigurationList = 5405015D2D4CCD52003222BF /* Build configuration list for PBXProject "Harlem 1958" */;
			compatibilityVersion = "Xcode 14.0";
			developmentRegion = en;
			hasScannedForEncodings = 0;
			knownRegions = (
				en,
				Base,
			);
			mainGroup = 540501592D4CCD52003222BF;
			productRefGroup = 540501632D4CCD52003222BF /* Products */;
			projectDirPath = "";
			projectRoot = "";
			targets = (
				540501612D4CCD52003222BF /* Harlem 1958 */,
			);
		};
/* End PBXProject section */

/* Begin PBXResourcesBuildPhase section */
		540501602D4CCD52003222BF /* Resources */ = {
			isa = PBXResourcesBuildPhase;
			buildActionMask = 2147483647;
			files = (
				5405016D2D4CCD55003222BF /* Preview Assets.xcassets in Resources */,
				540501762D4CD316003222BF /* artists.json in Resources */,
				5405016A2D4CCD55003222BF /* Assets.xcassets in Resources */,
			);
			runOnlyForDeploymentPostprocessing = 0;
		};
/* End PBXResourcesBuildPhase section */

/* Begin PBXSourcesBuildPhase section */
		5405015E2D4CCD52003222BF /* Sources */ = {
			isa = PBXSourcesBuildPhase;
			buildActionMask = 2147483647;
			files = (
				540501682D4CCD52003222BF /* ContentView.swift in Sources */,
				540501662D4CCD52003222BF /* Harlem_1958App.swift in Sources */,
				54F0DED72D5516C4000C2385 /* Artists.swift in Sources */,
				5405017C2D4CE1D9003222BF /* ArtistsView.swift in Sources */,
				5405017A2D4CD3D0003222BF /* Artist.swift in Sources */,
				540501742D4CD2D1003222BF /* Bundle-Decodable.swift in Sources */,
				54515D462D54D06D0072AF22 /* ArtistView.swift in Sources */,
				54F0DED92D552DEC000C2385 /* InstrumentsView.swift in Sources */,
			);
			runOnlyForDeploymentPostprocessing = 0;
		};
/* End PBXSourcesBuildPhase section */

/* Begin XCBuildConfiguration section */
		5405016E2D4CCD55003222BF /* Debug */ = {
			isa = XCBuildConfiguration;
			buildSettings = {
				ALWAYS_SEARCH_USER_PATHS = NO;
				ASSETCATALOG_COMPILER_GENERATE_SWIFT_ASSET_SYMBOL_EXTENSIONS = YES;
				CLANG_ANALYZER_NONNULL = YES;
				CLANG_ANALYZER_NUMBER_OBJECT_CONVERSION = YES_AGGRESSIVE;
				CLANG_CXX_LANGUAGE_STANDARD = "gnu++20";
				CLANG_ENABLE_MODULES = YES;
				CLANG_ENABLE_OBJC_ARC = YES;
				CLANG_ENABLE_OBJC_WEAK = YES;
				CLANG_WARN_BLOCK_CAPTURE_AUTORELEASING = YES;
				CLANG_WARN_BOOL_CONVERSION = YES;
				CLANG_WARN_COMMA = YES;
				CLANG_WARN_CONSTANT_CONVERSION = YES;
				CLANG_WARN_DEPRECATED_OBJC_IMPLEMENTATIONS = YES;
				CLANG_WARN_DIRECT_OBJC_ISA_USAGE = YES_ERROR;
				CLANG_WARN_DOCUMENTATION_COMMENTS = YES;
				CLANG_WARN_EMPTY_BODY = YES;
				CLANG_WARN_ENUM_CONVERSION = YES;
				CLANG_WARN_INFINITE_RECURSION = YES;
				CLANG_WARN_INT_CONVERSION = YES;
				CLANG_WARN_NON_LITERAL_NULL_CONVERSION = YES;
				CLANG_WARN_OBJC_IMPLICIT_RETAIN_SELF = YES;
				CLANG_WARN_OBJC_LITERAL_CONVERSION = YES;
				CLANG_WARN_OBJC_ROOT_CLASS = YES_ERROR;
				CLANG_WARN_QUOTED_INCLUDE_IN_FRAMEWORK_HEADER = YES;
				CLANG_WARN_RANGE_LOOP_ANALYSIS = YES;
				CLANG_WARN_STRICT_PROTOTYPES = YES;
				CLANG_WARN_SUSPICIOUS_MOVE = YES;
				CLANG_WARN_UNGUARDED_AVAILABILITY = YES_AGGRESSIVE;
				CLANG_WARN_UNREACHABLE_CODE = YES;
				CLANG_WARN__DUPLICATE_METHOD_MATCH = YES;
				COPY_PHASE_STRIP = NO;
				DEBUG_INFORMATION_FORMAT = dwarf;
				ENABLE_STRICT_OBJC_MSGSEND = YES;
				ENABLE_TESTABILITY = YES;
				ENABLE_USER_SCRIPT_SANDBOXING = YES;
				GCC_C_LANGUAGE_STANDARD = gnu17;
				GCC_DYNAMIC_NO_PIC = NO;
				GCC_NO_COMMON_BLOCKS = YES;
				GCC_OPTIMIZATION_LEVEL = 0;
				GCC_PREPROCESSOR_DEFINITIONS = (
					"DEBUG=1",
					"$(inherited)",
				);
				GCC_WARN_64_TO_32_BIT_CONVERSION = YES;
				GCC_WARN_ABOUT_RETURN_TYPE = YES_ERROR;
				GCC_WARN_UNDECLARED_SELECTOR = YES;
				GCC_WARN_UNINITIALIZED_AUTOS = YES_AGGRESSIVE;
				GCC_WARN_UNUSED_FUNCTION = YES;
				GCC_WARN_UNUSED_VARIABLE = YES;
				IPHONEOS_DEPLOYMENT_TARGET = 17.2;
				LOCALIZATION_PREFERS_STRING_CATALOGS = YES;
				MTL_ENABLE_DEBUG_INFO = INCLUDE_SOURCE;
				MTL_FAST_MATH = YES;
				ONLY_ACTIVE_ARCH = YES;
				SDKROOT = iphoneos;
				SWIFT_ACTIVE_COMPILATION_CONDITIONS = "DEBUG $(inherited)";
				SWIFT_OPTIMIZATION_LEVEL = "-Onone";
			};
			name = Debug;
		};
		5405016F2D4CCD55003222BF /* Release */ = {
			isa = XCBuildConfiguration;
			buildSettings = {
				ALWAYS_SEARCH_USER_PATHS = NO;
				ASSETCATALOG_COMPILER_GENERATE_SWIFT_ASSET_SYMBOL_EXTENSIONS = YES;
				CLANG_ANALYZER_NONNULL = YES;
				CLANG_ANALYZER_NUMBER_OBJECT_CONVERSION = YES_AGGRESSIVE;
				CLANG_CXX_LANGUAGE_STANDARD = "gnu++20";
				CLANG_ENABLE_MODULES = YES;
				CLANG_ENABLE_OBJC_ARC = YES;
				CLANG_ENABLE_OBJC_WEAK = YES;
				CLANG_WARN_BLOCK_CAPTURE_AUTORELEASING = YES;
				CLANG_WARN_BOOL_CONVERSION = YES;
				CLANG_WARN_COMMA = YES;
				CLANG_WARN_CONSTANT_CONVERSION = YES;
				CLANG_WARN_DEPRECATED_OBJC_IMPLEMENTATIONS = YES;
				CLANG_WARN_DIRECT_OBJC_ISA_USAGE = YES_ERROR;
				CLANG_WARN_DOCUMENTATION_COMMENTS = YES;
				CLANG_WARN_EMPTY_BODY = YES;
				CLANG_WARN_ENUM_CONVERSION = YES;
				CLANG_WARN_INFINITE_RECURSION = YES;
				CLANG_WARN_INT_CONVERSION = YES;
				CLANG_WARN_NON_LITERAL_NULL_CONVERSION = YES;
				CLANG_WARN_OBJC_IMPLICIT_RETAIN_SELF = YES;
				CLANG_WARN_OBJC_LITERAL_CONVERSION = YES;
				CLANG_WARN_OBJC_ROOT_CLASS = YES_ERROR;
				CLANG_WARN_QUOTED_INCLUDE_IN_FRAMEWORK_HEADER = YES;
				CLANG_WARN_RANGE_LOOP_ANALYSIS = YES;
				CLANG_WARN_STRICT_PROTOTYPES = YES;
				CLANG_WARN_SUSPICIOUS_MOVE = YES;
				CLANG_WARN_UNGUARDED_AVAILABILITY = YES_AGGRESSIVE;
				CLANG_WARN_UNREACHABLE_CODE = YES;
				CLANG_WARN__DUPLICATE_METHOD_MATCH = YES;
				COPY_PHASE_STRIP = NO;
				DEBUG_INFORMATION_FORMAT = "dwarf-with-dsym";
				ENABLE_NS_ASSERTIONS = NO;
				ENABLE_STRICT_OBJC_MSGSEND = YES;
				ENABLE_USER_SCRIPT_SANDBOXING = YES;
				GCC_C_LANGUAGE_STANDARD = gnu17;
				GCC_NO_COMMON_BLOCKS = YES;
				GCC_WARN_64_TO_32_BIT_CONVERSION = YES;
				GCC_WARN_ABOUT_RETURN_TYPE = YES_ERROR;
				GCC_WARN_UNDECLARED_SELECTOR = YES;
				GCC_WARN_UNINITIALIZED_AUTOS = YES_AGGRESSIVE;
				GCC_WARN_UNUSED_FUNCTION = YES;
				GCC_WARN_UNUSED_VARIABLE = YES;
				IPHONEOS_DEPLOYMENT_TARGET = 17.2;
				LOCALIZATION_PREFERS_STRING_CATALOGS = YES;
				MTL_ENABLE_DEBUG_INFO = NO;
				MTL_FAST_MATH = YES;
				SDKROOT = iphoneos;
				SWIFT_COMPILATION_MODE = wholemodule;
				VALIDATE_PRODUCT = YES;
			};
			name = Release;
		};
		540501712D4CCD55003222BF /* Debug */ = {
			isa = XCBuildConfiguration;
			buildSettings = {
				ASSETCATALOG_COMPILER_APPICON_NAME = AppIcon;
				ASSETCATALOG_COMPILER_GLOBAL_ACCENT_COLOR_NAME = AccentColor;
				CODE_SIGN_STYLE = Automatic;
				CURRENT_PROJECT_VERSION = 1;
				DEVELOPMENT_ASSET_PATHS = "\"Harlem 1958/Preview Content\"";
				ENABLE_PREVIEWS = YES;
				GENERATE_INFOPLIST_FILE = YES;
				INFOPLIST_KEY_UIApplicationSceneManifest_Generation = YES;
				INFOPLIST_KEY_UIApplicationSupportsIndirectInputEvents = YES;
				INFOPLIST_KEY_UILaunchScreen_Generation = YES;
				INFOPLIST_KEY_UISupportedInterfaceOrientations = UIInterfaceOrientationPortrait;
				LD_RUNPATH_SEARCH_PATHS = (
					"$(inherited)",
					"@executable_path/Frameworks",
				);
				MARKETING_VERSION = 1.0;
				PRODUCT_BUNDLE_IDENTIFIER = "Manhattan.Harlem-1958";
				PRODUCT_NAME = "$(TARGET_NAME)";
				SUPPORTED_PLATFORMS = "iphoneos iphonesimulator";
				SUPPORTS_MACCATALYST = NO;
				SUPPORTS_MAC_DESIGNED_FOR_IPHONE_IPAD = NO;
				SUPPORTS_XR_DESIGNED_FOR_IPHONE_IPAD = NO;
				SWIFT_EMIT_LOC_STRINGS = YES;
				SWIFT_VERSION = 5.0;
				TARGETED_DEVICE_FAMILY = 1;
			};
			name = Debug;
		};
		540501722D4CCD55003222BF /* Release */ = {
			isa = XCBuildConfiguration;
			buildSettings = {
				ASSETCATALOG_COMPILER_APPICON_NAME = AppIcon;
				ASSETCATALOG_COMPILER_GLOBAL_ACCENT_COLOR_NAME = AccentColor;
				CODE_SIGN_STYLE = Automatic;
				CURRENT_PROJECT_VERSION = 1;
				DEVELOPMENT_ASSET_PATHS = "\"Harlem 1958/Preview Content\"";
				ENABLE_PREVIEWS = YES;
				GENERATE_INFOPLIST_FILE = YES;
				INFOPLIST_KEY_UIApplicationSceneManifest_Generation = YES;
				INFOPLIST_KEY_UIApplicationSupportsIndirectInputEvents = YES;
				INFOPLIST_KEY_UILaunchScreen_Generation = YES;
				INFOPLIST_KEY_UISupportedInterfaceOrientations = UIInterfaceOrientationPortrait;
				LD_RUNPATH_SEARCH_PATHS = (
					"$(inherited)",
					"@executable_path/Frameworks",
				);
				MARKETING_VERSION = 1.0;
				PRODUCT_BUNDLE_IDENTIFIER = "Manhattan.Harlem-1958";
				PRODUCT_NAME = "$(TARGET_NAME)";
				SUPPORTED_PLATFORMS = "iphoneos iphonesimulator";
				SUPPORTS_MACCATALYST = NO;
				SUPPORTS_MAC_DESIGNED_FOR_IPHONE_IPAD = NO;
				SUPPORTS_XR_DESIGNED_FOR_IPHONE_IPAD = NO;
				SWIFT_EMIT_LOC_STRINGS = YES;
				SWIFT_VERSION = 5.0;
				TARGETED_DEVICE_FAMILY = 1;
			};
			name = Release;
		};
/* End XCBuildConfiguration section */

/* Begin XCConfigurationList section */
		5405015D2D4CCD52003222BF /* Build configuration list for PBXProject "Harlem 1958" */ = {
			isa = XCConfigurationList;
			buildConfigurations = (
				5405016E2D4CCD55003222BF /* Debug */,
				5405016F2D4CCD55003222BF /* Release */,
			);
			defaultConfigurationIsVisible = 0;
			defaultConfigurationName = Release;
		};
		540501702D4CCD55003222BF /* Build configuration list for PBXNativeTarget "Harlem 1958" */ = {
			isa = XCConfigurationList;
			buildConfigurations = (
				540501712D4CCD55003222BF /* Debug */,
				540501722D4CCD55003222BF /* Release */,
			);
			defaultConfigurationIsVisible = 0;
			defaultConfigurationName = Release;
		};
/* End XCConfigurationList section */
	};
	rootObject = 5405015A2D4CCD52003222BF /* Project object */;
}
